
{
  "name": "sql-for-data-science",
  "version": "1.0.0",
  "lockfileVersion": 1,
  "requires": true,
  "dependencies": {
    "@iamstarkov/listr-update-renderer": {
      "version": "0.4.1",
      "resolved": "https://registry.npmjs.org/@iamstarkov/listr-update-renderer/-/listr-update-renderer-0.4.1.tgz",
      "integrity": "sha512-IJyxQWsYDEkf8C8QthBn5N8tIUR9V9je6j3sMIpAkonaadjbvxmRC6RAhpa3RKxndhNnU2M6iNbtJwd7usQYIA==",
      "dev": true,
      "requires": {
        "chalk": "^1.1.3",
        "cli-truncate": "^0.2.1",
        "elegant-spinner": "^1.0.1",
        "figures": "^1.7.0",
        "indent-string": "^3.0.0",
        "log-symbols": "^1.0.2",
        "log-update": "^2.3.0",
        "strip-ansi": "^3.0.1"
      },
      "dependencies": {
        "chalk": {
          "version": "1.1.3",
          "resolved": "http://registry.npmjs.org/chalk/-/chalk-1.1.3.tgz",
          "integrity": "sha1-qBFcVeSnAv5NFQq9OHKCKn4J/Jg=",
          "dev": true,
          "requires": {
            "ansi-styles": "^2.2.1",
            "escape-string-regexp": "^1.0.2",
            "has-ansi": "^2.0.0",
            "strip-ansi": "^3.0.0",
            "supports-color": "^2.0.0"
          }
        },
        "log-symbols": {
          "version": "1.0.2",
          "resolved": "https://registry.npmjs.org/log-symbols/-/log-symbols-1.0.2.tgz",
          "integrity": "sha1-N2/3tY6jCGoPCfrMdGF+ylAeGhg=",
          "dev": true,
          "requires": {
            "chalk": "^1.0.0"
          }
        }
      }
    },
    "@samverschueren/stream-to-observable": {
      "version": "0.3.0",
      "resolved": "https://registry.npmjs.org/@samverschueren/stream-to-observable/-/stream-to-observable-0.3.0.tgz",
      "integrity": "sha512-MI4Xx6LHs4Webyvi6EbspgyAb4D2Q2VtnCQ1blOJcoLS6mVa8lNN2rkIy1CVxfTUpoyIbCTkXES1rLXztFD1lg==",
      "dev": true,
      "requires": {
        "any-observable": "^0.3.0"
      }
    },
    "@textlint/ast-node-types": {
      "version": "4.0.3",
      "resolved": "https://registry.npmjs.org/@textlint/ast-node-types/-/ast-node-types-4.0.3.tgz",
      "integrity": "sha512-mkkqbuxZkCESmMCrVN5QEgmFqBJAcoAGIaZaQfziqKAyCQBLLgKVJzeFuup9mDm9mvCTKekhLk9yIaEFc8EFxA=="
    },
    "@textlint/markdown-to-ast": {
      "version": "6.0.9",
      "resolved": "https://registry.npmjs.org/@textlint/markdown-to-ast/-/markdown-to-ast-6.0.9.tgz",
      "integrity": "sha512-hfAWBvTeUGh5t5kTn2U3uP3qOSM1BSrxzl1jF3nn0ywfZXpRBZr5yRjXnl4DzIYawCtZOshmRi/tI3/x4TE1jQ==",
      "requires": {
        "@textlint/ast-node-types": "^4.0.3",
        "debug": "^2.1.3",
        "remark-frontmatter": "^1.2.0",
        "remark-parse": "^5.0.0",
        "structured-source": "^3.0.2",
        "traverse": "^0.6.6",
        "unified": "^6.1.6"
      }
    },
    "anchor-markdown-header": {
      "version": "0.5.7",
      "resolved": "https://registry.npmjs.org/anchor-markdown-header/-/anchor-markdown-header-0.5.7.tgz",
      "integrity": "sha1-BFBj125qH5zTJ6V6ASaqD97Dcac=",
      "requires": {
        "emoji-regex": "~6.1.0"
      }
    },
    "ansi-escapes": {
      "version": "3.1.0",
      "resolved": "http://registry.npmjs.org/ansi-escapes/-/ansi-escapes-3.1.0.tgz",
      "integrity": "sha512-UgAb8H9D41AQnu/PbWlCofQVcnV4Gs2bBJi9eZPxfU/hgglFh3SMDMENRIqdr7H6XFnXdoknctFByVsCOotTVw==",
      "dev": true
    },
    "ansi-regex": {
      "version": "2.1.1",
      "resolved": "https://registry.npmjs.org/ansi-regex/-/ansi-regex-2.1.1.tgz",
      "integrity": "sha1-w7M6te42DYbg5ijwRorn7yfWVN8=",
      "dev": true
    },
    "ansi-styles": {
      "version": "2.2.1",
      "resolved": "https://registry.npmjs.org/ansi-styles/-/ansi-styles-2.2.1.tgz",
      "integrity": "sha1-tDLdM1i2NM914eRmQ2gkBTPB3b4=",
      "dev": true
    },
    "any-observable": {
      "version": "0.3.0",
      "resolved": "https://registry.npmjs.org/any-observable/-/any-observable-0.3.0.tgz",
      "integrity": "sha512-/FQM1EDkTsf63Ub2C6O7GuYFDsSXUwsaZDurV0np41ocwq0jthUAYCmhBX9f+KwlaCgIuWyr/4WlUQUBfKfZog==",
      "dev": true
    },
    "argparse": {
      "version": "1.0.10",
      "resolved": "https://registry.npmjs.org/argparse/-/argparse-1.0.10.tgz",
      "integrity": "sha512-o5Roy6tNG4SL/FOkCAN6RzjiakZS25RLYFrcMttJqbdd8BWrnA+fGz57iN5Pb06pvBGvl5gQ0B48dJlslXvoTg==",
      "requires": {
        "sprintf-js": "~1.0.2"
      }
    },
    "arr-diff": {
      "version": "4.0.0",
      "resolved": "https://registry.npmjs.org/arr-diff/-/arr-diff-4.0.0.tgz",
      "integrity": "sha1-1kYQdP6/7HHn4VI1dhoyml3HxSA=",
      "dev": true
    },
    "arr-flatten": {
      "version": "1.1.0",
      "resolved": "https://registry.npmjs.org/arr-flatten/-/arr-flatten-1.1.0.tgz",
      "integrity": "sha512-L3hKV5R/p5o81R7O02IGnwpDmkp6E982XhtbuwSe3O4qOtMMMtodicASA1Cny2U+aCXcNpml+m4dPsvsJ3jatg==",
      "dev": true
    },
    "arr-union": {
      "version": "3.1.0",
      "resolved": "https://registry.npmjs.org/arr-union/-/arr-union-3.1.0.tgz",
      "integrity": "sha1-45sJrqne+Gao8gbiiK9jkZuuOcQ=",
      "dev": true
    },
    "array-union": {
      "version": "1.0.2",
      "resolved": "https://registry.npmjs.org/array-union/-/array-union-1.0.2.tgz",
      "integrity": "sha1-mjRBDk9OPaI96jdb5b5w8kd47Dk=",
      "dev": true,
      "requires": {
        "array-uniq": "^1.0.1"
      }
    },
    "array-uniq": {
      "version": "1.0.3",
      "resolved": "https://registry.npmjs.org/array-uniq/-/array-uniq-1.0.3.tgz",
      "integrity": "sha1-r2rId6Jcx/dOBYiUdThY39sk/bY=",
      "dev": true
    },
    "array-unique": {
      "version": "0.3.2",
      "resolved": "https://registry.npmjs.org/array-unique/-/array-unique-0.3.2.tgz",
      "integrity": "sha1-qJS3XUvE9s1nnvMkSp/Y9Gri1Cg=",
      "dev": true
    },
    "arrify": {
      "version": "1.0.1",
      "resolved": "https://registry.npmjs.org/arrify/-/arrify-1.0.1.tgz",
      "integrity": "sha1-iYUI2iIm84DfkEcoRWhJwVAaSw0=",
      "dev": true
    },
    "assign-symbols": {
      "version": "1.0.0",
      "resolved": "https://registry.npmjs.org/assign-symbols/-/assign-symbols-1.0.0.tgz",
      "integrity": "sha1-WWZ/QfrdTyDMvCu5a41Pf3jsA2c=",
      "dev": true
    },
    "atob": {
      "version": "2.1.2",
      "resolved": "https://registry.npmjs.org/atob/-/atob-2.1.2.tgz",
      "integrity": "sha512-Wm6ukoaOGJi/73p/cl2GvLjTI5JM1k/O14isD73YML8StrH/7/lRFgmg8nICZgD3bZZvjwCGxtMOD3wWNAu8cg==",
      "dev": true
    },
    "bail": {
      "version": "1.0.3",
      "resolved": "https://registry.npmjs.org/bail/-/bail-1.0.3.tgz",
      "integrity": "sha512-1X8CnjFVQ+a+KW36uBNMTU5s8+v5FzeqrP7hTG5aTb4aPreSbZJlhwPon9VKMuEVgV++JM+SQrALY3kr7eswdg=="
    },
    "balanced-match": {
      "version": "1.0.0",
      "resolved": "https://registry.npmjs.org/balanced-match/-/balanced-match-1.0.0.tgz",
      "integrity": "sha1-ibTRmasr7kneFk6gK4nORi1xt2c=",
      "dev": true
    },
    "base": {
      "version": "0.11.2",
      "resolved": "https://registry.npmjs.org/base/-/base-0.11.2.tgz",
      "integrity": "sha512-5T6P4xPgpp0YDFvSWwEZ4NoE3aM4QBQXDzmVbraCkFj8zHM+mba8SyqB5DbZWyR7mYHo6Y7BdQo3MoA4m0TeQg==",
      "dev": true,
      "requires": {
        "cache-base": "^1.0.1",
        "class-utils": "^0.3.5",
        "component-emitter": "^1.2.1",
        "define-property": "^1.0.0",
        "isobject": "^3.0.1",
        "mixin-deep": "^1.2.0",
        "pascalcase": "^0.1.1"
      },
      "dependencies": {
        "define-property": {
          "version": "1.0.0",
          "resolved": "https://registry.npmjs.org/define-property/-/define-property-1.0.0.tgz",
          "integrity": "sha1-dp66rz9KY6rTr56NMEybvnm/sOY=",
          "dev": true,
          "requires": {
            "is-descriptor": "^1.0.0"
          }
        },
        "is-accessor-descriptor": {
          "version": "1.0.0",
          "resolved": "https://registry.npmjs.org/is-accessor-descriptor/-/is-accessor-descriptor-1.0.0.tgz",
          "integrity": "sha512-m5hnHTkcVsPfqx3AKlyttIPb7J+XykHvJP2B9bZDjlhLIoEq4XoK64Vg7boZlVWYK6LUY94dYPEE7Lh0ZkZKcQ==",